{
  "version": 4,
  "terraform_version": "1.1.7",
  "serial": 48,
  "lineage": "4f2bff7f-1fec-cbea-beba-f5a578fc7e80",
  "outputs": {},
  "resources": [
    {
      "mode": "managed",
      "type": "yandex_compute_instance",
      "name": "vm",
      "provider": "provider[\"registry.terraform.io/yandex-cloud/yandex\"]",
      "instances": [
        {
          "schema_version": 1,
          "attributes": {
            "allow_recreate": null,
            "allow_stopping_for_update": null,
            "boot_disk": [
              {
                "auto_delete": true,
                "device_name": "epdeicivpmk23b2vb5m7",
                "disk_id": "epdeicivpmk23b2vb5m7",
                "initialize_params": [
                  {
                    "block_size": 4096,
                    "description": "",
                    "image_id": "fd8kdq6d0p8sij7h5qe3",
                    "name": "",
                    "size": 15,
                    "snapshot_id": "",
                    "type": "network-hdd"
                  }
                ],
                "mode": "READ_WRITE"
              }
            ],
            "created_at": "2022-09-08T11:57:15Z",
            "description": "",
            "folder_id": "b1g479l7nkv0jkbv5vjq",
            "fqdn": "epd17j31irk5q2e4vpe5.auto.internal",
            "hostname": "",
            "id": "epd17j31irk5q2e4vpe5",
            "labels": null,
            "local_disk": [],
            "metadata": {
              "ssh-keys": "ubuntu:ssh-rsa AAAAB3NzaC1yc2EAAAABJQAAAQEAlvx+6aM0raiVX4FgovveWWxti7gbfkDCWmHETW+TwyILmaq5e1Pblj4PIUHs4Lp3c+w2aBfCHhIrwBIh+5ttqjTpKYfIi+be4oOjDgXxke3a0nuj4wZZGPR1yy/Iz8n18/gwKziyWoyEoHyY/buxFs02T5vBUJezCFbePS5jY5SRRveceB3n/BsmpBR6ga5lJEONBIWkudcYgXVqH/vcBu3/Oqro8/wktS5xvWfoeIQbgG0W5f/gTAJsmmmF40VCTfc5Ee8N5w3SFnYOUcKfizAG6FTg77xLI7n4BOtN/Co8ZMXPV+uTrKsu83v+/WSRqw1gWJjEugUuWG2nZW/kGw== rsa-key-20220831"
            },
            "name": "vm123",
            "network_acceleration_type": "standard",
            "network_interface": [
              {
                "dns_record": [],
                "index": 0,
                "ip_address": "10.129.0.14",
                "ipv4": true,
                "ipv6": false,
                "ipv6_address": "",
                "ipv6_dns_record": [],
                "mac_address": "d0:0d:13:cc:61:96",
                "nat": true,
                "nat_dns_record": [],
                "nat_ip_address": "158.160.1.107",
                "nat_ip_version": "IPV4",
                "security_group_ids": [],
                "subnet_id": "e2lgnkkp6bq6uv4gvl8p"
              }
            ],
            "placement_policy": [
              {
                "host_affinity_rules": [],
                "placement_group_id": ""
              }
            ],
            "platform_id": "standard-v3",
            "resources": [
              {
                "core_fraction": 100,
                "cores": 2,
                "gpus": 0,
                "memory": 2
              }
            ],
            "scheduling_policy": [
              {
                "preemptible": false
              }
            ],
            "secondary_disk": [],
            "service_account_id": "",
            "status": "running",
            "timeouts": null,
            "zone": "ru-central1-b"
          },
          "sensitive_attributes": [],
          "private": "eyJlMmJmYjczMC1lY2FhLTExZTYtOGY4OC0zNDM2M2JjN2M0YzAiOnsiY3JlYXRlIjozMDAwMDAwMDAwMDAsImRlbGV0ZSI6MzAwMDAwMDAwMDAwLCJ1cGRhdGUiOjMwMDAwMDAwMDAwMH0sInNjaGVtYV92ZXJzaW9uIjoiMSJ9"
        }
      ]
    }
  ]
}
